lockfileVersion: "9.0"

settings:
  autoInstallPeers: true
  excludeLinksFromLockfile: false

importers:
  .:
    devDependencies:
      "@tailwindcss/cli":
        specifier: ^4.3.0
        version: 4.3.3
      "@tailwindcss/typography":
        specifier: ^0.5.19
        version: 0.5.19(tailwindcss@4.3.0)
      "@types/gettext-parser":
        specifier: ^9.0.0
        version: 9.0.0
      "@types/markdown-it":
        specifier: ^14.1.2
        version: 14.1.2
      "@types/node":
        specifier: ^24.10.1
        version: 24.13.3
      gettext-parser:
        specifier: ^9.1.1
        version: 9.1.1
      lefthook:
        specifier: ^2.1.6
        version: 2.1.6
      markdown-it:
        specifier: ^14.1.0
        version: 14.3.0
      oxfmt:
        specifier: ^0.49.0
        version: 0.49.0
      oxlint:
        specifier: ^1.64.0
        version: 1.64.0
      parse5:
        specifier: ^8.0.1
        version: 8.0.1
      tailwindcss:
        specifier: ^4.3.0
        version: 4.3.0
      typescript:
        specifier: ~6.0.3
        version: 6.0.3

packages:
  "@jridgewell/gen-mapping@0.3.13":
    resolution:
      {
        integrity: sha512-2kkt/7niJ6MgEPxF0bYdQ6etZaA+fQvDcLKckhy1yIQOzaoKjBBjSj63/aLVjYE3qhRt5dvM+uUyfCg6UKCBbA==,
      }

  "@jridgewell/remapping@2.3.5":
    resolution:
      {
        integrity: sha512-LI9u/+laYG4Ds1TDKSJW2YPrIlcVYOwi2fUC6xB43lueCjgxV4lffOCZCtYFiH6TNOX+tQKXx97T4IKHbhyHEQ==,
      }

  "@jridgewell/resolve-uri@3.1.2":
    resolution:
      {
        integrity: sha512-bRISgCIjP20/tbWSPWMEi54QVPRZExkuD9lJL+UIxUKtwVJA8wW1Trb1jMs1RFXo1CBTNZ/5hpC9QvmKWdopKw==,
      }

  "@jridgewell/sourcemap-codec@1.5.5":
    resolution:
      {
        integrity: sha512-cYQ9310grqxueWbl+WuIUIaiUaDcj7WOq5fVhEljNVgRfOUhY9fy2zTvfoqWsnebh8Sl70VScFbICvJnLKB0Og==,
      }

  "@jridgewell/trace-mapping@0.3.31":
    resolution:
      {
        integrity: sha512-zzNR+SdQSDJzc8joaeP8QQoCQr8NuYx2dIIytl1QeBEZHJ9uW6hebsrYgbz8hJwUQao3TWCMtmfV8Nu1twOLAw==,
      }

  "@oxfmt/binding-darwin-arm64@0.49.0":
    resolution:
      {
        integrity: sha512-8x5DN9CsFfb432sHa9NyqX5XisGUdA53LPEGSdv/VniS+v4uEOR8Orv7A9QSB98Xxgp0t6r31DzQA/wpIobGqQ==,
      }
    engines: { node: ^20.19.0 || >=22.12.0 }
    cpu: [arm64]
    os: [darwin]

  "@oxfmt/binding-linux-arm64-gnu@0.49.0":
    resolution:
      {
        integrity: sha512-JIfWenFhlzx+O8YygyZhoHFzTsdgDhxhbDRnE2iJLnnM5pWKScFvPECO2vOlA7JqJ/9S1g3uzEKuRCkHFwTjvA==,
      }
    engines: { node: ^20.19.0 || >=22.12.0 }
    cpu: [arm64]
    os: [linux]
    libc: [glibc]

  "@oxfmt/binding-linux-arm64-musl@0.49.0":
    resolution:
      {
        integrity: sha512-iNzkMPG18jPkwBOZ4/HEjwqfzAjq4RrUQ0CgId/fC1ENvYD5jLVAaU/gWgpiqP1ys07kxSsSggDd1fp3E7mQHw==,
      }
    engines: { node: ^20.19.0 || >=22.12.0 }
    cpu: [arm64]
    os: [linux]
    libc: [musl]

  "@oxfmt/binding-linux-x64-gnu@0.49.0":
    resolution:
      {
        integrity: sha512-BoC/F9xHe2y/deuBGA5Aw7bes07OD2gcL2wlpzTrfImR92vPP7S/k3LBTyspQZCNIVNdagkELcqKELwMLGIfAg==,
      }
    engines: { node: ^20.19.0 || >=22.12.0 }
    cpu: [x64]
    os: [linux]
    libc: [glibc]

  "@oxfmt/binding-linux-x64-musl@0.49.0":
    resolution:
      {
        integrity: sha512-umY6jFADAo/oztFKl8D/S6vSrG6oBpEskcentiRuz42kZVU2kfDXMWCYavxyZR2bwPjqkHpcHZ6EZFiH3Qj9ZA==,
      }
    engines: { node: ^20.19.0 || >=22.12.0 }
    cpu: [x64]
    os: [linux]
    libc: [musl]

  "@oxfmt/binding-win32-arm64-msvc@0.49.0":
    resolution:
      {
        integrity: sha512-38K67XR++CoFFORDd4sMFwUVAnD6msYBdGTei+qvKGrRPO6S2PbrYPNL/eQQ1RgnnxOegNba0YQwg6uRkNcw6A==,
      }
    engines: { node: ^20.19.0 || >=22.12.0 }
    cpu: [arm64]
    os: [win32]

  "@oxfmt/binding-win32-x64-msvc@0.49.0":
    resolution:
      {
        integrity: sha512-gwWLwSEmBBfIK/Wh7GGd658161o4RKAvHWRaRQbJm571iQXGKfyr7UKsI1vsWvDlNLc30CxJDc8mMmCvJ/kczQ==,
      }
    engines: { node: ^20.19.0 || >=22.12.0 }
    cpu: [x64]
    os: [win32]

  "@oxlint/binding-darwin-arm64@1.64.0":
    resolution:
      {
        integrity: sha512-U4DMLQd10gJLuoSTLSGbfv3bGjTlUNsScm9Dgb8wwBqmCzidf1pE1pXV4doGNxqwH3KtVng1AGTINA0NvkGLvQ==,
      }
    engines: { node: ^20.19.0 || >=22.12.0 }
    cpu: [arm64]
    os: [darwin]

  "@oxlint/binding-linux-arm64-gnu@1.64.0":
    resolution:
      {
        integrity: sha512-HpSQbubwh03mMhAdy2BYtad/fsY8vDFHDAb6bUwuCYg2VD3xCQgn6ArKcO0oZyLCheacKTv4PrF3Mfu5hgoE2g==,
      }
    engines: { node: ^20.19.0 || >=22.12.0 }
    cpu: [arm64]
    os: [linux]

  "@oxlint/binding-linux-arm64-musl@1.64.0":
    resolution:
      {
        integrity: sha512-00QQ0h0Y7u0G69BgiH3+ky2aaq/QvkDL6DYok8htIuJHxybiux5aQ8jwmg8qIk9wha6UagUP2BAwAzbemcJbpg==,
      }
    engines: { node: ^20.19.0 || >=22.12.0 }
    cpu: [arm64]
    os: [linux]

  "@oxlint/binding-linux-x64-gnu@1.64.0":
    resolution:
      {
        integrity: sha512-cR60vSd7+m+KRZ3GQGfDxWwahW5RMXg0qlGvAluZr0fTUYvw0H9N9AXAF/M/PMqgytyqvVNmBAkJG9l7U30Y1g==,
      }
    engines: { node: ^20.19.0 || >=22.12.0 }
    cpu: [x64]
    os: [linux]

  "@oxlint/binding-linux-x64-musl@1.64.0":
    resolution:
      {
        integrity: sha512-2u/aPZ9pEg7HnvZPDsHxUGNnrpr4qaHi+mCgLgpt+LYRzPrS4Px4wPfkIdRdr2GvKnaYyt+XSlto0Vm5sbStTg==,
      }
    engines: { node: ^20.19.0 || >=22.12.0 }
    cpu: [x64]
    os: [linux]

  "@oxlint/binding-win32-arm64-msvc@1.64.0":
    resolution:
      {
        integrity: sha512-r/cNKBFieONoVu2bb1KkVouq9W+edDUgHumXJGphCRRj+U0xaD4nanrw8ZOqo0IsutPkEM4vCcGBpak6x5aXMg==,
      }
    engines: { node: ^20.19.0 || >=22.12.0 }
    cpu: [arm64]
    os: [win32]

  "@oxlint/binding-win32-x64-msvc@1.64.0":
    resolution:
      {
        integrity: sha512-9CBR+LO0JVST87fNTzzNxS5I29jIUO5gxT9i9+M3SDHHALElj9sY1Prf12tad3vIRC6OD7Ehtvvh+sn13vSwHw==,
      }
    engines: { node: ^20.19.0 || >=22.12.0 }
    cpu: [x64]
    os: [win32]

  "@parcel/watcher-android-arm64@2.5.1":
    resolution:
      {
        integrity: sha512-KF8+j9nNbUN8vzOFDpRMsaKBHZ/mcjEjMToVMJOhTozkDonQFFrRcfdLWn6yWKCmJKmdVxSgHiYvTCef4/qcBA==,
      }
    engines: { node: ">= 10.0.0" }
    cpu: [arm64]
    os: [android]

  "@parcel/watcher-darwin-arm64@2.5.1":
    resolution:
      {
        integrity: sha512-eAzPv5osDmZyBhou8PoF4i6RQXAfeKL9tjb3QzYuccXFMQU0ruIc/POh30ePnaOyD1UXdlKguHBmsTs53tVoPw==,
      }
    engines: { node: ">= 10.0.0" }
    cpu: [arm64]
    os: [darwin]

  "@parcel/watcher-darwin-x64@2.5.1":
    resolution:
      {
        integrity: sha512-1ZXDthrnNmwv10A0/3AJNZ9JGlzrF82i3gNQcWOzd7nJ8aj+ILyW1MTxVk35Db0u91oD5Nlk9MBiujMlwmeXZg==,
      }
    engines: { node: ">= 10.0.0" }
    cpu: [x64]
    os: [darwin]

  "@parcel/watcher-freebsd-x64@2.5.1":
    resolution:
      {
        integrity: sha512-SI4eljM7Flp9yPuKi8W0ird8TI/JK6CSxju3NojVI6BjHsTyK7zxA9urjVjEKJ5MBYC+bLmMcbAWlZ+rFkLpJQ==,
      }
    engines: { node: ">= 10.0.0" }
    cpu: [x64]
    os: [freebsd]

  "@parcel/watcher-linux-arm-glibc@2.5.1":
    resolution:
      {
        integrity: sha512-RCdZlEyTs8geyBkkcnPWvtXLY44BCeZKmGYRtSgtwwnHR4dxfHRG3gR99XdMEdQ7KeiDdasJwwvNSF5jKtDwdA==,
      }
    engines: { node: ">= 10.0.0" }
    cpu: [arm]
    os: [linux]
    libc: [glibc]

  "@parcel/watcher-linux-arm-musl@2.5.1":
    resolution:
      {
        integrity: sha512-6E+m/Mm1t1yhB8X412stiKFG3XykmgdIOqhjWj+VL8oHkKABfu/gjFj8DvLrYVHSBNC+/u5PeNrujiSQ1zwd1Q==,
      }
    engines: { node: ">= 10.0.0" }
    cpu: [arm]
    os: [linux]
    libc: [musl]

  "@parcel/watcher-linux-arm64-glibc@2.5.1":
    resolution:
      {
        integrity: sha512-LrGp+f02yU3BN9A+DGuY3v3bmnFUggAITBGriZHUREfNEzZh/GO06FF5u2kx8x+GBEUYfyTGamol4j3m9ANe8w==,
      }
    engines: { node: ">= 10.0.0" }
    cpu: [arm64]
    os: [linux]
    libc: [glibc]

  "@parcel/watcher-linux-arm64-musl@2.5.1":
    resolution:
      {
        integrity: sha512-cFOjABi92pMYRXS7AcQv9/M1YuKRw8SZniCDw0ssQb/noPkRzA+HBDkwmyOJYp5wXcsTrhxO0zq1U11cK9jsFg==,
      }
    engines: { node: ">= 10.0.0" }
    cpu: [arm64]
    os: [linux]
    libc: [musl]

  "@parcel/watcher-linux-x64-glibc@2.5.1":
    resolution:
      {
        integrity: sha512-GcESn8NZySmfwlTsIur+49yDqSny2IhPeZfXunQi48DMugKeZ7uy1FX83pO0X22sHntJ4Ub+9k34XQCX+oHt2A==,
      }
    engines: { node: ">= 10.0.0" }
    cpu: [x64]
    os: [linux]
    libc: [glibc]

  "@parcel/watcher-linux-x64-musl@2.5.1":
    resolution:
      {
        integrity: sha512-n0E2EQbatQ3bXhcH2D1XIAANAcTZkQICBPVaxMeaCVBtOpBZpWJuf7LwyWPSBDITb7In8mqQgJ7gH8CILCURXg==,
      }
    engines: { node: ">= 10.0.0" }
    cpu: [x64]
    os: [linux]
    libc: [musl]

  "@parcel/watcher-win32-arm64@2.5.1":
    resolution:
      {
        integrity: sha512-RFzklRvmc3PkjKjry3hLF9wD7ppR4AKcWNzH7kXR7GUe0Igb3Nz8fyPwtZCSquGrhU5HhUNDr/mKBqj7tqA2Vw==,
      }
    engines: { node: ">= 10.0.0" }
    cpu: [arm64]
    os: [win32]

  "@parcel/watcher-win32-ia32@2.5.1":
    resolution:
      {
        integrity: sha512-c2KkcVN+NJmuA7CGlaGD1qJh1cLfDnQsHjE89E60vUEMlqduHGCdCLJCID5geFVM0dOtA3ZiIO8BoEQmzQVfpQ==,
      }
    engines: { node: ">= 10.0.0" }
    cpu: [ia32]
    os: [win32]

  "@parcel/watcher-win32-x64@2.5.1":
    resolution:
      {
        integrity: sha512-9lHBdJITeNR++EvSQVUcaZoWupyHfXe1jZvGZ06O/5MflPcuPLtEphScIBL+AiCWBO46tDSHzWyD0uDmmZqsgA==,
      }
    engines: { node: ">= 10.0.0" }
    cpu: [x64]
    os: [win32]

  "@parcel/watcher@2.5.1":
    resolution:
      {
        integrity: sha512-dfUnCxiN9H4ap84DvD2ubjw+3vUNpstxa0TneY/Paat8a3R4uQZDLSvWjmznAY/DoahqTHl9V46HF/Zs3F29pg==,
      }
    engines: { node: ">= 10.0.0" }

  "@tailwindcss/cli@4.3.3":
    resolution:
      {
        integrity: sha512-ZvS/n1ZHOBKcVlhkt8l5NNr1EDXk1NboYO5CYDOs6NUmvT9z6bzkwsosaJftY57T/3gWNzWMJzIXLodZC8ssdw==,
      }
    hasBin: true

  "@tailwindcss/node@4.3.3":
    resolution:
      {
        integrity: sha512-/T8IKEsf9VTU6tLjgC7+sv2mOPtQxzE2jMw7u4Tt40Tx+QSZxpzh95/H6cMKoja9XuW7iMdLJYBB0o9G1CaAgg==,
      }

  "@tailwindcss/oxide-android-arm64@4.3.3":
    resolution:
      {
        integrity: sha512-Y85A2gmPSkl5Ve5qR86GL4HT509cFqQh1aes9p3sSkyTPwt0Pppf3GkwGe4JPACcRYjgJIEhQgM6dBClnr0NYw==,
      }
    engines: { node: ">= 20" }
    cpu: [arm64]
    os: [android]

  "@tailwindcss/oxide-darwin-arm64@4.3.3":
    resolution:
      {
        integrity: sha512-BiaWatpBcERQFDlOjRDpIVXuFK5PJez5SA4JMg6VYZdBYU+qKfV/vqjcIs+IYmtitf1xYQZTwXvU/8y4lfZUGw==,
      }
    engines: { node: ">= 20" }
    cpu: [arm64]
    os: [darwin]

  "@tailwindcss/oxide-darwin-x64@4.3.3":
    resolution:
      {
        integrity: sha512-fAeUqfV5ndhxRwai8cXGzdLvul9utWOmeTkv69unv4ZXixjn61Z+p9lCWdwOwA3TYboG3BwdVuN/RDjhBRl0mw==,
      }
    engines: { node: ">= 20" }
    cpu: [x64]
    os: [darwin]

  "@tailwindcss/oxide-freebsd-x64@4.3.3":
    resolution:
      {
        integrity: sha512-iyf5bV6+wnAlflVeEy7R25dupxTNECZN5QMI0qNT6eT+EgaGdZcKhGkr5SdoaWiLJ3spLqIY9VCeSGrwmtg4kw==,
      }
    engines: { node: ">= 20" }
    cpu: [x64]
    os: [freebsd]

  "@tailwindcss/oxide-linux-arm-gnueabihf@4.3.3":
    resolution:
      {
        integrity: sha512-aAYUprJAJQWWbRrPvtjdroZ56Md+JM8pMiopS6xGEwDfLhqj+2ver2p4nU4Mb3CRqcMmNBjo8KkUgcxhkzVQGQ==,
      }
    engines: { node: ">= 20" }
    cpu: [arm]
    os: [linux]

  "@tailwindcss/oxide-linux-arm64-gnu@4.3.3":
    resolution:
      {
        integrity: sha512-nDxldcEENOxZRzC2uu9jrutZdAAQtb+8WWDCSnWL1zvBk1+FN+x6MtDViPB5AJMfttVCUhehGWus3XBPgatM/w==,
      }
    engines: { node: ">= 20" }
    cpu: [arm64]
    os: [linux]
    libc: [glibc]

  "@tailwindcss/oxide-linux-arm64-musl@4.3.3":
    resolution:
      {
        integrity: sha512-Md44bD6veX/PC5iyF8cDVnw4HBIANZepRZZ7a8DQOvkfo5WUBwcp6iAuCUz23u+4SUkhJlD3eL7hNdW8ezd/kA==,
      }
    engines: { node: ">= 20" }
    cpu: [arm64]
    os: [linux]
    libc: [musl]

  "@tailwindcss/oxide-linux-x64-gnu@4.3.3":
    resolution:
      {
        integrity: sha512-tx7us1muwOKAKWao2v/GaafFeQboE6aj88vC6ziN2NCGcRm8gWUhwjzg+YdVB1e4boAtdtma4L43onunI6NS4w==,
      }
    engines: { node: ">= 20" }
    cpu: [x64]
    os: [linux]
    libc: [glibc]

  "@tailwindcss/oxide-linux-x64-musl@4.3.3":
    resolution:
      {
        integrity: sha512-SJxX60smvHgasZoBy11dX6YRjXJFovwWBoedhbQPOBzgFWBHGB+TVPWB9BxzR7TTxU8FQZAI2AyiNCMzFm8Img==,
      }
    engines: { node: ">= 20" }
    cpu: [x64]
    os: [linux]
    libc: [musl]

  "@tailwindcss/oxide-wasm32-wasi@4.3.3":
    resolution:
      {
        integrity: sha512-jx1+rPhY/5Ympkktd656HBWEBLxP7dH06losBLjjf5vgCODXvi9KhtftWcMIwTFIDqBr7cRnQkdLnAG+IOlGvQ==,
      }
    engines: { node: ">=14.0.0" }
    cpu: [wasm32]

  "@tailwindcss/oxide-win32-arm64-msvc@4.3.3":
    resolution:
      {
        integrity: sha512-3rc292Ca2ceK6Ulcc/bAVnTs/3nDtoPhyEKlgPv+yQJQi/JS/AMJlqzxvlDacL1nekbrcf6bTqp/jV4qgnPxNQ==,
      }
    engines: { node: ">= 20" }
    cpu: [arm64]
    os: [win32]

  "@tailwindcss/oxide-win32-x64-msvc@4.3.3":
    resolution:
      {
        integrity: sha512-yJ0pwIVc/nYeGoV02WtsN8KYyLQv7kyI2wDnkezyJlGGjkd4QLwDGAwl47YpPJeuI0M0ObaXGSPjvWDPeTPggw==,
      }
    engines: { node: ">= 20" }
    cpu: [x64]
    os: [win32]

  "@tailwindcss/oxide@4.3.3":
    resolution:
      {
        integrity: sha512-krXjAikiaFSPaK/FkAQT5UTx3VormQaiZ5hBFlJZ9UFQGB/rwg1MZIhHAG9smMQRTdyJxP6Qt5MwMtdyU5FWrA==,
      }
    engines: { node: ">= 20" }

  "@tailwindcss/typography@0.5.19":
    resolution:
      {
        integrity: sha512-w31dd8HOx3k9vPtcQh5QHP9GwKcgbMp87j58qi6xgiBnFFtKEAgCWnDw4qUT8aHwkCp8bKvb/KGKWWHedP0AAg==,
      }
    peerDependencies:
      tailwindcss: ">=3.0.0 || insiders || >=4.0.0-alpha.20 || >=4.0.0-beta.1"

  "@types/gettext-parser@9.0.0":
    resolution:
      {
        integrity: sha512-LpZ+LeNa/tiFTxouKLkoyXVFF7JChu32YcZfnu+k54NfmlwlIiR017o3r+2yyB1FLg6LDzbF/UyH+AfhqffmXA==,
      }

  "@types/linkify-it@5.0.0":
    resolution:
      {
        integrity: sha512-sVDA58zAw4eWAffKOaQH5/5j3XeayukzDk+ewSsnv3p4yJEZHCCzMDiZM8e0OUrRvmpGZ85jf4yDHkHsgBNr9Q==,
      }

  "@types/markdown-it@14.1.2":
    resolution:
      {
        integrity: sha512-promo4eFwuiW+TfGxhi+0x3czqTYJkG8qB17ZUJiVF10Xm7NLVRSLUsfRTU/6h1e24VvRnXCx+hG7li58lkzog==,
      }

  "@types/mdurl@2.0.0":
    resolution:
      {
        integrity: sha512-RGdgjQUZba5p6QEFAVx2OGb8rQDL/cPRG7GiedRzMcJ1tYnUANBncjbSB1NRGwbvjcPeikRABz2nshyPk1bhWg==,
      }

  "@types/node@24.13.3":
    resolution:
      {
        integrity: sha512-Dh8vAsV36ig5wa9OX4pXvMc9D3Veibfw2wix0CUwYODLD8nkj9UsLjASr49nPg+2eKzxhBV+v7L8pXvT4e639Q==,
      }

  argparse@2.0.1:
    resolution:
      {
        integrity: sha512-8+9WqebbFzpX9OR+Wa6O29asIogeRMzcGtAINdpMHHyAg10f05aSFVBbcEqGf/PXw1EjAZ+q2/bEBg3DvurK3Q==,
      }

  braces@3.0.3:
    resolution:
      {
        integrity: sha512-yQbXgO/OSZVD2IsiLlro+7Hf6Q18EJrKSEsdoMzKePKXct3gvD8oLcOQdIzGupr5Fj+EDe8gO/lxc1BzfMpxvA==,
      }

  content-type@1.0.5:
    resolution:
      {
        integrity: sha512-nTjqfcBFEipKdXCv4YDQWCfmcLZKm81ldF0pAopTvyrFGVbcR6P/VAAd5G7N+0tTr8QqiU0tFadD6FK4NtJwOA==,
      }
    engines: { node: ">= 0.6" }

  cssesc@3.0.0:
    resolution:
      {
        integrity: sha512-/Tb/JcjK111nNScGob5MNtsntNM1aCNUDipB/TkwZFhyDrrE47SOx/18wF2bbjgc3ZzCSKW1T5nt5EbFoAz/Vg==,
      }
    hasBin: true

  detect-libc@1.0.3:
    resolution:
      {
        integrity: sha512-pGjwhsmsp4kL2RTz08wcOlGN83otlqHeD/Z5T8GXZB+/YcpQ/dgo+lbU8ZsGxV0HIvqqxo9l7mqYwyYMD9bKDg==,
      }
    engines: { node: ">=0.10" }
    hasBin: true

  detect-libc@2.1.2:
    resolution:
      {
        integrity: sha512-Btj2BOOO83o3WyH59e8MgXsxEQVcarkUOpEYrubB0urwnN10yQ364rsiByU11nZlqWYZm05i/of7io4mzihBtQ==,
      }

  encoding@0.1.13:
    resolution:
      {
        integrity: sha512-ETBauow1T35Y/WZMkio9jiM0Z5xjHHmJ4XmjZOq1l/dXz3lr2sRn87nJy20RupqSh1F2m3HHPSp8ShIPQJrJ3A==,
      }

  enhanced-resolve@5.24.3:
    resolution:
      {
        integrity: sha512-PwKooW9JUzh5chmYfHM3IQl5OkK2u2Nm011MgeZrss3JmFraUx/fqrf78kk8GUMYoibx/14MdwTl/1WKkG7TpQ==,
      }
    engines: { node: ">=10.13.0" }

  entities@4.5.0:
    resolution:
      {
        integrity: sha512-V0hjH4dGPh9Ao5p0MoRY6BVqtwCjhz6vI5LT8AJ55H+4g9/4vbHx1I54fS0XuclLhDHArPQCiMjDxjaL8fPxhw==,
      }

  entities@8.0.0:
    resolution:
      {
        integrity: sha512-zwfzJecQ/Uej6tusMqwAqU/6KL2XaB2VZ2Jg54Je6ahNBGNH6Ek6g3jjNCF0fG9EWQKGZNddNjU5F1ZQn/sBnA==,
      }
    engines: { node: ">=20.19.0" }

  fill-range@7.1.1:
    resolution:
      {
        integrity: sha512-YsGpe3WHLK8ZYi4tWDg2Jy3ebRz2rXowDxnld4bkQB00cc/1Zw9AWnC0i9ztDJitivtQvaI9KaLyKrc+hBW0yg==,
      }

  gettext-parser@9.1.1:
    resolution:
      {
        integrity: sha512-ZLeqWPz9OMNrTgMuww0C22kkcNqis+e4059R94t7L7ERlZ2rUNpiDbaAUus+esBC6uBAQWbS9N+R5vJIJg//lw==,
      }
    engines: { node: ">=20" }

  graceful-fs@4.2.11:
    resolution:
      {
        integrity: sha512-RbJ5/jmFcNNCcDV5o9eTnBLJ/HszWV0P73bc+Ff4nS/rJj+YaS6IGyiOL0VoBYX+l1Wrl3k63h/KrH+nhJ0XvQ==,
      }

  iconv-lite@0.6.3:
    resolution:
      {
        integrity: sha512-4fCk79wshMdzMp2rH06qWrJE4iolqLhCUH+OiuIgU++RB0+94NlDL81atO7GX55uUKueo0txHNtvEyI6D7WdMw==,
      }
    engines: { node: ">=0.10.0" }

  is-extglob@2.1.1:
    resolution:
      {
        integrity: sha512-SbKbANkN603Vi4jEZv49LeVJMn4yGwsbzZworEoyEiutsN3nJYdbO36zfhGJ6QEDpOZIFkDtnq5JRxmvl3jsoQ==,
      }

  is-glob@4.0.3:
    resolution:
      {
        integrity: sha512-xelSayHH36ZgE7ZWhli7pW34hNbNl8Ojv5KVmkJD4hBdD3th8Tfk9vYasLM+mXWOZhFkgZfxhLSnrwRr4elSSg==,
      }

  is-number@7.0.0:
    resolution:
      {
        integrity: sha512-41Cifkg6e8TylSpdtTpeLVMqvSBEVzTttHvERD741+pnZ8ANv0004MRL43QKPDlK9cGvNp6NZWZUBlbGXYxxng==,
      }

  jiti@2.7.0:
    resolution:
      {
        integrity: sha512-AC/7JofJvZGrrneWNaEnJeOLUx+JlGt7tNa0wZiRPT4MY1wmfKjt2+6O2p2uz2+skll8OZZmJMNqeke7kKbNgQ==,
      }
    hasBin: true

  lefthook-darwin-arm64@2.1.6:
    resolution:
      {
        integrity: sha512-hyB7eeiX78BS66f70byTJacDLC/xV1vgMv9n+idFUsrM7J3Udd/ag9Ag5NP3t0eN0EqQqAtrNnt35EH01lxnRQ==,
      }
    cpu: [arm64]
    os: [darwin]

  lefthook-linux-arm64@2.1.6:
    resolution:
      {
        integrity: sha512-WDJiQhJdZOvKORZd+kF/ms2l6NSsXzdA9ahflyr65V90AC4jES223W8VtEMbGPUtHuGWMEZ/v/XvwlWv0Ioz9g==,
      }
    cpu: [arm64]
    os: [linux]

  lefthook-linux-x64@2.1.6:
    resolution:
      {
        integrity: sha512-C18nCd7nTX1AVL4TcvwMmLAO1VI1OuGluIOTjiPkBQ746Ls1HhL5rl//jMPACmT28YmxIQJ2ZcLPNmhvEVBZvw==,
      }
    cpu: [x64]
    os: [linux]

  lefthook-windows-arm64@2.1.6:
    resolution:
      {
        integrity: sha512-lD8yFWY4Csuljd0Rqs7EQaySC0VvDf7V3rN1FhRMUISTRDHutebIom1Loc8ckQPvKYGC6mftT9k0GvipsS+Brw==,
      }
    cpu: [arm64]
    os: [win32]

  lefthook-windows-x64@2.1.6:
    resolution:
      {
        integrity: sha512-q4z2n3xucLscoWiyMwFViEj3N8MDSkPulMwcJYuCYFHoPhP1h+icqNu7QRLGYj6AnVrCQweiUJY3Tb2X+GbD/A==,
      }
    cpu: [x64]
    os: [win32]

  lefthook@2.1.6:
    resolution:
      {
        integrity: sha512-w9sBoR0mdN+kJc3SB85VzpiAAl451/rxdCRcZlwW71QLjkeH3EBQFgc4VMj5apePychYDHAlqEWTB8J8JK/j1Q==,
      }
    hasBin: true

  lightningcss-darwin-arm64@1.32.0:
    resolution:
      {
        integrity: sha512-RzeG9Ju5bag2Bv1/lwlVJvBE3q6TtXskdZLLCyfg5pt+HLz9BqlICO7LZM7VHNTTn/5PRhHFBSjk5lc4cmscPQ==,
      }
    cpu: [arm64]
    os: [darwin]

  lightningcss-linux-arm64-gnu@1.32.0:
    resolution:
      {
        integrity: sha512-0nnMyoyOLRJXfbMOilaSRcLH3Jw5z9HDNGfT/gwCPgaDjnx0i8w7vBzFLFR1f6CMLKF8gVbebmkUN3fa/kQJpQ==,
      }
    cpu: [arm64]
    os: [linux]

  lightningcss-linux-arm64-musl@1.32.0:
    resolution:
      {
        integrity: sha512-UpQkoenr4UJEzgVIYpI80lDFvRmPVg6oqboNHfoH4CQIfNA+HOrZ7Mo7KZP02dC6LjghPQJeBsvXhJod/wnIBg==,
      }
    cpu: [arm64]
    os: [linux]

  lightningcss-linux-x64-gnu@1.32.0:
    resolution:
      {
        integrity: sha512-V7Qr52IhZmdKPVr+Vtw8o+WLsQJYCTd8loIfpDaMRWGUZfBOYEJeyJIkqGIDMZPwPx24pUMfwSxxI8phr/MbOA==,
      }
    cpu: [x64]
    os: [linux]

  lightningcss-linux-x64-musl@1.32.0:
    resolution:
      {
        integrity: sha512-bYcLp+Vb0awsiXg/80uCRezCYHNg1/l3mt0gzHnWV9XP1W5sKa5/TCdGWaR/zBM2PeF/HbsQv/j2URNOiVuxWg==,
      }
    cpu: [x64]
    os: [linux]

  lightningcss-win32-arm64-msvc@1.32.0:
    resolution:
      {
        integrity: sha512-8SbC8BR40pS6baCM8sbtYDSwEVQd4JlFTOlaD3gWGHfThTcABnNDBda6eTZeqbofalIJhFx0qKzgHJmcPTnGdw==,
      }
    cpu: [arm64]
    os: [win32]

  lightningcss-win32-x64-msvc@1.32.0:
    resolution:
      {
        integrity: sha512-Amq9B/SoZYdDi1kFrojnoqPLxYhQ4Wo5XiL8EVJrVsB8ARoC1PWW6VGtT0WKCemjy8aC+louJnjS7U18x3b06Q==,
      }
    cpu: [x64]
    os: [win32]

  lightningcss@1.32.0:
    resolution:
      {
        integrity: sha512-NXYBzinNrblfraPGyrbPoD19C1h9lfI/1mzgWYvXUTe414Gz/X1FD2XBZSZM7rRTrMA8JL3OtAaGifrIKhQ5yQ==,
      }

  linkify-it@5.0.2:
    resolution:
      {
        integrity: sha512-ONTm2jCMAVZjgQa/Fy1kScXsuOoF5NPTsoFBdE1KVIZ2vAh/r9+Bqo+0jINCBYnavTPQZz38QzFTme79ENoN3Q==,
      }

  magic-string@0.30.21:
    resolution:
      {
        integrity: sha512-vd2F4YUyEXKGcLHoq+TEyCjxueSeHnFxyyjNp80yg0XV4vUhnDer/lvvlqM/arB5bXQN5K2/3oinyCRyx8T2CQ==,
      }

  markdown-it@14.3.0:
    resolution:
      {
        integrity: sha512-RCEsPjR+sr0x+AuYp601tKTkgFG4YEPLCzHST3cQ/fhlJkqAkz1L2/Qbp1j9qw5SBwQHFBoW8+hoN5xssOF0Tw==,
      }
    hasBin: true

  mdurl@2.0.0:
    resolution:
      {
        integrity: sha512-Lf+9+2r+Tdp5wXDXC4PcIBjTDtq4UKjCPMQhKIuzpJNW0b96kVqSwW0bT7FhRSfmAiFYgP+SCRvdrDozfh0U5w==,
      }

  micromatch@4.0.8:
    resolution:
      {
        integrity: sha512-PXwfBhYu0hBCPw8Dn0E+WDYb7af3dSLVWKi3HGv84IdF4TyFoC0ysxFd0Goxw7nSv4T/PzEJQxsYsEiFCKo2BA==,
      }

  mri@1.2.0:
    resolution:
      {
        integrity: sha512-tzzskb3bG8LvYGFF/mDTpq3jpI6Q9wc3LEmBaghu+DdCssd1FakN7Bc0hVNmEyGq1bq3RgfkCb3cmQLpNPOroA==,
      }
    engines: { node: ">=4" }

  node-addon-api@7.1.1:
    resolution:
      {
        integrity: sha512-5m3bsyrjFWE1xf7nz7YXdN4udnVtXK6/Yfgn5qnahL6bCkf2yKt4k3nuTKAtT4r3IG8JNR2ncsIMdZuAzJjHQQ==,
      }

  oxfmt@0.49.0:
    resolution:
      {
        integrity: sha512-IAHFMdlJSWe+oAr65dx22UvjCtV9DBMisAuLnKpDqMQrctzCkGnj3QRwNHm0d+uwSWPalsDF8ZYLz9rh6nH2IQ==,
      }
    engines: { node: ^20.19.0 || >=22.12.0 }
    hasBin: true
    peerDependencies:
      svelte: ^5.0.0
    peerDependenciesMeta:
      svelte:
        optional: true

  oxlint@1.64.0:
    resolution:
      {
        integrity: sha512-Star3SNpWPeWFPw7kRXIhXUSn6fdiAl25q15CQzH/9WaOtG6e9CWTc25vNZOCr4PE1yEP1GtKJKIKglhj3OmEQ==,
      }
    engines: { node: ^20.19.0 || >=22.12.0 }
    hasBin: true
    peerDependencies:
      oxlint-tsgolint: ">=0.22.1"
    peerDependenciesMeta:
      oxlint-tsgolint:
        optional: true

  parse5@8.0.1:
    resolution:
      {
        integrity: sha512-z1e/HMG90obSGeidlli3hj7cbocou0/wa5HacvI3ASx34PecNjNQeaHNo5WIZpWofN9kgkqV1q5YvXe3F0FoPw==,
      }

  picocolors@1.1.1:
    resolution:
      {
        integrity: sha512-xceH2snhtb5M9liqDsmEw56le376mTZkEX/jEb/RxNFyegNul7eNslCXP9FDj/Lcu0X8KEyMceP2ntpaHrDEVA==,
      }

  picomatch@2.3.2:
    resolution:
      {
        integrity: sha512-V7+vQEJ06Z+c5tSye8S+nHUfI51xoXIXjHQ99cQtKUkQqqO1kO/KCJUfZXuB47h/YBlDhah2H3hdUGXn8ie0oA==,
      }

  postcss-selector-parser@6.0.10:
    resolution:
      {
        integrity: sha512-IQ7TZdoaqbT+LCpShg46jnZVlhWD2w6iQYAcYXfHARZ7X1t/UGhhceQDs5X0cGqKvYlHNOuv7Oa1xmb0oQuA3w==,
      }

  punycode.js@2.3.1:
    resolution:
      {
        integrity: sha512-uxFIHU0YlHYhDQtV4R9J6a52SLx28BCjT+4ieh7IGbgwVJWO+km431c4yRlREUAsAmt/uMjQUyQHNEPf0M39CA==,
      }
    engines: { node: ">=6" }

  safer-buffer@2.1.2:
    resolution:
      {
        integrity: sha512-YZo3K82SD7Riyi0E1EQPojLz7kpepnSQI9IyPbHHg1XXXevb5dJI7tpyN2ADxGcQbHG7vcyRHk0cbwqcQriUtg==,
      }

  source-map-js@1.2.1:
    resolution:
      {
        integrity: sha512-UXWMKhLOwVKb728IUtQPXxfYU+usdybtUrK/8uGE8CQMvrhOpwvzDBwj0QhSL7MQc7vIsISBG8VQ8+IDQxpfQA==,
      }

  tailwindcss@4.3.0:
    resolution:
      {
        integrity: sha512-y6nxMGB1nMW9R6k96e5gdIFzcfL/gTJRNaqGes1YvkLnPVXzWgbqFF2yLC0T8G774n24cx3Pe8XrKoniCOAH+Q==,
      }

  tailwindcss@4.3.3:
    resolution:
      {
        integrity: sha512-gOhV3P7ufE62QDGg1zVaTgCR+EtPv92k2nIhVcVKcLmxT1sUBsQGhnZj175j+MqRt4zLF7ic+sCYjfhxMxj7YQ==,
      }

  tapable@2.3.3:
    resolution:
      {
        integrity: sha512-uxc/zpqFg6x7C8vOE7lh6Lbda8eEL9zmVm/PLeTPBRhh1xCgdWaQ+J1CUieGpIfm2HdtsUpRv+HshiasBMcc6A==,
      }

  tinypool@2.1.0:
    resolution:
      {
        integrity: sha512-Pugqs6M0m7Lv1I7FtxN4aoyToKg1C4tu+/381vH35y8oENM/Ai7f7C4StcoK4/+BSw9ebcS8jRiVrORFKCALLw==,
      }

  to-regex-range@5.0.1:
    resolution:
      {
        integrity: sha512-65P7iz6X5yEr1cwcgvQxbbIw7Uk3gOy5dIdtZ4rDveLqhrdJP+Li/Hx6tyK0NEb+2GCyneCMJiGqrADCSNk8sQ==,
      }

  typescript@6.0.3:
    resolution:
      {
        integrity: sha512-y2TvuxSZPDyQakkFRPZHKFm+KKVqIisdg9/CZwm9ftvKXLP8NRWj38/ODjNbr43SsoXqNuAisEf1GdCxqWcdBw==,
      }
    engines: { node: ">=14.17" }
    hasBin: true

  uc.micro@2.1.0:
    resolution:
      {
        integrity: sha512-ARDJmphmdvUk6Glw7y9DQ2bFkKBHwQHLi2lsaH6PPmz/Ka9sFOBsBluozhDltWmnv9u/cF6Rt87znRTPV+yp/A==,
      }

  undici-types@7.18.2:
    resolution:
      {
        integrity: sha512-AsuCzffGHJybSaRrmr5eHr81mwJU3kjw6M+uprWvCXiNeN9SOGwQ3Jn8jb8m3Z6izVgknn1R0FTCEAP2QrLY/w==,
      }

  util-deprecate@1.0.2:
    resolution:
      {
        integrity: sha512-EPD5q1uXyFxJpCrLnCc1nHnq3gOa6DZBocAIiI2TaSCA7VCJ1UJDMagCzIkXNsUYfD1daK//LTEQ8xiIbrHtcw==,
      }

snapshots:
  "@jridgewell/gen-mapping@0.3.13":
    dependencies:
      "@jridgewell/sourcemap-codec": 1.5.5
      "@jridgewell/trace-mapping": 0.3.31

  "@jridgewell/remapping@2.3.5":
    dependencies:
      "@jridgewell/gen-mapping": 0.3.13
      "@jridgewell/trace-mapping": 0.3.31

  "@jridgewell/resolve-uri@3.1.2": {}

  "@jridgewell/sourcemap-codec@1.5.5": {}

  "@jridgewell/trace-mapping@0.3.31":
    dependencies:
      "@jridgewell/resolve-uri": 3.1.2
      "@jridgewell/sourcemap-codec": 1.5.5

  "@oxfmt/binding-darwin-arm64@0.49.0":
    optional: true

  "@oxfmt/binding-linux-arm64-gnu@0.49.0":
    optional: true

  "@oxfmt/binding-linux-arm64-musl@0.49.0":
    optional: true

  "@oxfmt/binding-linux-x64-gnu@0.49.0":
    optional: true

  "@oxfmt/binding-linux-x64-musl@0.49.0":
    optional: true

  "@oxfmt/binding-win32-arm64-msvc@0.49.0":
    optional: true

  "@oxfmt/binding-win32-x64-msvc@0.49.0":
    optional: true

  "@oxlint/binding-darwin-arm64@1.64.0":
    optional: true

  "@oxlint/binding-linux-arm64-gnu@1.64.0":
    optional: true

  "@oxlint/binding-linux-arm64-musl@1.64.0":
    optional: true

  "@oxlint/binding-linux-x64-gnu@1.64.0":
    optional: true

  "@oxlint/binding-linux-x64-musl@1.64.0":
    optional: true

  "@oxlint/binding-win32-arm64-msvc@1.64.0":
    optional: true

  "@oxlint/binding-win32-x64-msvc@1.64.0":
    optional: true

  "@parcel/watcher-android-arm64@2.5.1":
    optional: true

  "@parcel/watcher-darwin-arm64@2.5.1":
    optional: true

  "@parcel/watcher-darwin-x64@2.5.1":
    optional: true

  "@parcel/watcher-freebsd-x64@2.5.1":
    optional: true

  "@parcel/watcher-linux-arm-glibc@2.5.1":
    optional: true

  "@parcel/watcher-linux-arm-musl@2.5.1":
    optional: true

  "@parcel/watcher-linux-arm64-glibc@2.5.1":
    optional: true

  "@parcel/watcher-linux-arm64-musl@2.5.1":
    optional: true

  "@parcel/watcher-linux-x64-glibc@2.5.1":
    optional: true

  "@parcel/watcher-linux-x64-musl@2.5.1":
    optional: true

  "@parcel/watcher-win32-arm64@2.5.1":
    optional: true

  "@parcel/watcher-win32-ia32@2.5.1":
    optional: true

  "@parcel/watcher-win32-x64@2.5.1":
    optional: true

  "@parcel/watcher@2.5.1":
    dependencies:
      detect-libc: 1.0.3
      is-glob: 4.0.3
      micromatch: 4.0.8
      node-addon-api: 7.1.1
    optionalDependencies:
      "@parcel/watcher-android-arm64": 2.5.1
      "@parcel/watcher-darwin-arm64": 2.5.1
      "@parcel/watcher-darwin-x64": 2.5.1
      "@parcel/watcher-freebsd-x64": 2.5.1
      "@parcel/watcher-linux-arm-glibc": 2.5.1
      "@parcel/watcher-linux-arm-musl": 2.5.1
      "@parcel/watcher-linux-arm64-glibc": 2.5.1
      "@parcel/watcher-linux-arm64-musl": 2.5.1
      "@parcel/watcher-linux-x64-glibc": 2.5.1
      "@parcel/watcher-linux-x64-musl": 2.5.1
      "@parcel/watcher-win32-arm64": 2.5.1
      "@parcel/watcher-win32-ia32": 2.5.1
      "@parcel/watcher-win32-x64": 2.5.1

  "@tailwindcss/cli@4.3.3":
    dependencies:
      "@parcel/watcher": 2.5.1
      "@tailwindcss/node": 4.3.3
      "@tailwindcss/oxide": 4.3.3
      enhanced-resolve: 5.24.3
      mri: 1.2.0
      picocolors: 1.1.1
      tailwindcss: 4.3.3

  "@tailwindcss/node@4.3.3":
    dependencies:
      "@jridgewell/remapping": 2.3.5
      enhanced-resolve: 5.24.3
      jiti: 2.7.0
      lightningcss: 1.32.0
      magic-string: 0.30.21
      source-map-js: 1.2.1
      tailwindcss: 4.3.3

  "@tailwindcss/oxide-android-arm64@4.3.3":
    optional: true

  "@tailwindcss/oxide-darwin-arm64@4.3.3":
    optional: true

  "@tailwindcss/oxide-darwin-x64@4.3.3":
    optional: true

  "@tailwindcss/oxide-freebsd-x64@4.3.3":
    optional: true

  "@tailwindcss/oxide-linux-arm-gnueabihf@4.3.3":
    optional: true

  "@tailwindcss/oxide-linux-arm64-gnu@4.3.3":
    optional: true

  "@tailwindcss/oxide-linux-arm64-musl@4.3.3":
    optional: true

  "@tailwindcss/oxide-linux-x64-gnu@4.3.3":
    optional: true

  "@tailwindcss/oxide-linux-x64-musl@4.3.3":
    optional: true

  "@tailwindcss/oxide-wasm32-wasi@4.3.3":
    optional: true
    bundledDependencies:
      - "@emnapi/core"
      - "@emnapi/runtime"
      - "@emnapi/wasi-threads"
      - "@napi-rs/wasm-runtime"
      - "@tybys/wasm-util"
      - tslib

  "@tailwindcss/oxide-win32-arm64-msvc@4.3.3":
    optional: true

  "@tailwindcss/oxide-win32-x64-msvc@4.3.3":
    optional: true

  "@tailwindcss/oxide@4.3.3":
    optionalDependencies:
      "@tailwindcss/oxide-android-arm64": 4.3.3
      "@tailwindcss/oxide-darwin-arm64": 4.3.3
      "@tailwindcss/oxide-darwin-x64": 4.3.3
      "@tailwindcss/oxide-freebsd-x64": 4.3.3
      "@tailwindcss/oxide-linux-arm-gnueabihf": 4.3.3
      "@tailwindcss/oxide-linux-arm64-gnu": 4.3.3
      "@tailwindcss/oxide-linux-arm64-musl": 4.3.3
      "@tailwindcss/oxide-linux-x64-gnu": 4.3.3
      "@tailwindcss/oxide-linux-x64-musl": 4.3.3
      "@tailwindcss/oxide-wasm32-wasi": 4.3.3
      "@tailwindcss/oxide-win32-arm64-msvc": 4.3.3
      "@tailwindcss/oxide-win32-x64-msvc": 4.3.3

  "@tailwindcss/typography@0.5.19(tailwindcss@4.3.0)":
    dependencies:
      postcss-selector-parser: 6.0.10
      tailwindcss: 4.3.0

  "@types/gettext-parser@9.0.0":
    dependencies:
      "@types/node": 24.13.3

  "@types/linkify-it@5.0.0": {}

  "@types/markdown-it@14.1.2":
    dependencies:
      "@types/linkify-it": 5.0.0
      "@types/mdurl": 2.0.0

  "@types/mdurl@2.0.0": {}

  "@types/node@24.13.3":
    dependencies:
      undici-types: 7.18.2

  argparse@2.0.1: {}

  braces@3.0.3:
    dependencies:
      fill-range: 7.1.1

  content-type@1.0.5: {}

  cssesc@3.0.0: {}

  detect-libc@1.0.3: {}

  detect-libc@2.1.2: {}

  encoding@0.1.13:
    dependencies:
      iconv-lite: 0.6.3

  enhanced-resolve@5.24.3:
    dependencies:
      graceful-fs: 4.2.11
      tapable: 2.3.3

  entities@4.5.0: {}

  entities@8.0.0: {}

  fill-range@7.1.1:
    dependencies:
      to-regex-range: 5.0.1

  gettext-parser@9.1.1:
    dependencies:
      content-type: 1.0.5
      encoding: 0.1.13

  graceful-fs@4.2.11: {}

  iconv-lite@0.6.3:
    dependencies:
      safer-buffer: 2.1.2

  is-extglob@2.1.1: {}

  is-glob@4.0.3:
    dependencies:
      is-extglob: 2.1.1

  is-number@7.0.0: {}

  jiti@2.7.0: {}

  lefthook-darwin-arm64@2.1.6:
    optional: true

  lefthook-linux-arm64@2.1.6:
    optional: true

  lefthook-linux-x64@2.1.6:
    optional: true

  lefthook-windows-arm64@2.1.6:
    optional: true

  lefthook-windows-x64@2.1.6:
    optional: true

  lefthook@2.1.6:
    optionalDependencies:
      lefthook-darwin-arm64: 2.1.6
      lefthook-linux-arm64: 2.1.6
      lefthook-linux-x64: 2.1.6
      lefthook-windows-arm64: 2.1.6
      lefthook-windows-x64: 2.1.6

  lightningcss-darwin-arm64@1.32.0:
    optional: true

  lightningcss-linux-arm64-gnu@1.32.0:
    optional: true

  lightningcss-linux-arm64-musl@1.32.0:
    optional: true

  lightningcss-linux-x64-gnu@1.32.0:
    optional: true

  lightningcss-linux-x64-musl@1.32.0:
    optional: true

  lightningcss-win32-arm64-msvc@1.32.0:
    optional: true

  lightningcss-win32-x64-msvc@1.32.0:
    optional: true

  lightningcss@1.32.0:
    dependencies:
      detect-libc: 2.1.2
    optionalDependencies:
      lightningcss-darwin-arm64: 1.32.0
      lightningcss-linux-arm64-gnu: 1.32.0
      lightningcss-linux-arm64-musl: 1.32.0
      lightningcss-linux-x64-gnu: 1.32.0
      lightningcss-linux-x64-musl: 1.32.0
      lightningcss-win32-arm64-msvc: 1.32.0
      lightningcss-win32-x64-msvc: 1.32.0

  linkify-it@5.0.2:
    dependencies:
      uc.micro: 2.1.0

  magic-string@0.30.21:
    dependencies:
      "@jridgewell/sourcemap-codec": 1.5.5

  markdown-it@14.3.0:
    dependencies:
      argparse: 2.0.1
      entities: 4.5.0
      linkify-it: 5.0.2
      mdurl: 2.0.0
      punycode.js: 2.3.1
      uc.micro: 2.1.0

  mdurl@2.0.0: {}

  micromatch@4.0.8:
    dependencies:
      braces: 3.0.3
      picomatch: 2.3.2

  mri@1.2.0: {}

  node-addon-api@7.1.1: {}

  oxfmt@0.49.0:
    dependencies:
      tinypool: 2.1.0
    optionalDependencies:
      "@oxfmt/binding-darwin-arm64": 0.49.0
      "@oxfmt/binding-linux-arm64-gnu": 0.49.0
      "@oxfmt/binding-linux-arm64-musl": 0.49.0
      "@oxfmt/binding-linux-x64-gnu": 0.49.0
      "@oxfmt/binding-linux-x64-musl": 0.49.0
      "@oxfmt/binding-win32-arm64-msvc": 0.49.0
      "@oxfmt/binding-win32-x64-msvc": 0.49.0

  oxlint@1.64.0:
    optionalDependencies:
      "@oxlint/binding-darwin-arm64": 1.64.0
      "@oxlint/binding-linux-arm64-gnu": 1.64.0
      "@oxlint/binding-linux-arm64-musl": 1.64.0
      "@oxlint/binding-linux-x64-gnu": 1.64.0
      "@oxlint/binding-linux-x64-musl": 1.64.0
      "@oxlint/binding-win32-arm64-msvc": 1.64.0
      "@oxlint/binding-win32-x64-msvc": 1.64.0

  parse5@8.0.1:
    dependencies:
      entities: 8.0.0

  picocolors@1.1.1: {}

  picomatch@2.3.2: {}

  postcss-selector-parser@6.0.10:
    dependencies:
      cssesc: 3.0.0
      util-deprecate: 1.0.2

  punycode.js@2.3.1: {}

  safer-buffer@2.1.2: {}

  source-map-js@1.2.1: {}

  tailwindcss@4.3.0: {}

  tailwindcss@4.3.3: {}

  tapable@2.3.3: {}

  tinypool@2.1.0: {}

  to-regex-range@5.0.1:
    dependencies:
      is-number: 7.0.0

  typescript@6.0.3: {}

  uc.micro@2.1.0: {}

  undici-types@7.18.2: {}

  util-deprecate@1.0.2: {}
